
Microsoft Visual Studio Solution File, Format Version 12.00
# Visual Studio Version 17
VisualStudioVersion = 17.0.32112.339
MinimumVisualStudioVersion = 10.0.40219.1
Project("{9A19103F-16F7-4668-BE54-9A1E7A4F7556}") = "StrategyPattern", "StrategyPattern\StrategyPattern.csproj", "{9DD5CCC8-1027-498A-9047-8CD9AB2BA00B}"
EndProject
Project("{9A19103F-16F7-4668-BE54-9A1E7A4F7556}") = "APaternForLifeTests", "APaternForLifeTests\APaternForLifeTests.csproj", "{338C2E31-326E-43AE-AD48-91CF0CFE5E7E}"
EndProject
Project("{FAE04EC0-301F-11D3-BF4B-00C04F79EFBC}") = "ChainOfResponsabilities", "ChainOfResponsabilities\ChainOfResponsabilities.csproj", "{D046A481-8CBF-4528-BA33-D314C873E8B8}"
EndProject
Global
	GlobalSection(SolutionConfigurationPlatforms) = preSolution
		Debug|Any CPU = Debug|Any CPU
		Release|Any CPU = Release|Any CPU
	EndGlobalSection
	GlobalSection(ProjectConfigurationPlatforms) = postSolution
		{9DD5CCC8-1027-498A-9047-8CD9AB2BA00B}.Debug|Any CPU.ActiveCfg = Debug|Any CPU
		{9DD5CCC8-1027-498A-9047-8CD9AB2BA00B}.Debug|Any CPU.Build.0 = Debug|Any CPU
		{9DD5CCC8-1027-498A-9047-8CD9AB2BA00B}.Release|Any CPU.ActiveCfg = Release|Any CPU
		{9DD5CCC8-1027-498A-9047-8CD9AB2BA00B}.Release|Any CPU.Build.0 = Release|Any CPU
		{338C2E31-326E-43AE-AD48-91CF0CFE5E7E}.Debug|Any CPU.ActiveCfg = Debug|Any CPU
		{338C2E31-326E-43AE-AD48-91CF0CFE5E7E}.Debug|Any CPU.Build.0 = Debug|Any CPU
		{338C2E31-326E-43AE-AD48-91CF0CFE5E7E}.Release|Any CPU.ActiveCfg = Release|Any CPU
		{338C2E31-326E-43AE-AD48-91CF0CFE5E7E}.Release|Any CPU.Build.0 = Release|Any CPU
		{D046A481-8CBF-4528-BA33-D314C873E8B8}.Debug|Any CPU.ActiveCfg = Debug|Any CPU
		{D046A481-8CBF-4528-BA33-D314C873E8B8}.Debug|Any CPU.Build.0 = Debug|Any CPU
		{D046A481-8CBF-4528-BA33-D314C873E8B8}.Release|Any CPU.ActiveCfg = Release|Any CPU
		{D046A481-8CBF-4528-BA33-D314C873E8B8}.Release|Any CPU.Build.0 = Release|Any CPU
	EndGlobalSection
	GlobalSection(SolutionProperties) = preSolution
		HideSolutionNode = FALSE
	EndGlobalSection
	GlobalSection(ExtensibilityGlobals) = postSolution
		SolutionGuid = {99AD2934-C2B7-4A48-9B48-4F1ABBFD9836}
	EndGlobalSection
EndGlobal
